
Microsoft Visual Studio Solution File, Format Version 10.00
# Visual Studio 2008
Project("{FAE04EC0-301F-11D3-BF4B-00C04F79EFBC}") = "bLogical.GaugeControl", "bLogical.GaugeControl\bLogical.GaugeControl.csproj", "{C78E61D3-799D-4959-8EB9-E14534CEA9E7}"
EndProject
Project("{FAE04EC0-301F-11D3-BF4B-00C04F79EFBC}") = "BizTalk Benchmark Wizard", "BizTalk Benchmark Wizard\BizTalk Benchmark Wizard.csproj", "{56A5B68A-B031-42CC-A897-5D128BB8B20E}"
EndProject
Project("{54435603-DBB4-11D2-8724-00A0C9A8B90C}") = "BizTalk Benchmark Wizard Setup", "BizTalk Benchmark Wizard Setup\BizTalk Benchmark Wizard Setup.vdproj", "{A6529B9F-1F28-4994-8D46-949E10462193}"
EndProject
Project("{FAE04EC0-301F-11D3-BF4B-00C04F79EFBC}") = "ConsoleApplication1", "..\..\LoadGenTest\ConsoleApplication1\ConsoleApplication1.csproj", "{026F786E-334F-44AC-AE62-2D9A51DA5B4B}"
EndProject
Global
	GlobalSection(TeamFoundationVersionControl) = preSolution
		SccNumberOfProjects = 5
		SccEnterpriseProvider = {4CA58AB2-18FA-4F8D-95D4-32DDF27D184C}
		SccTeamFoundationServer = https://tfs08.codeplex.com/
		SccLocalPath0 = .
		SccProjectUniqueName1 = BizTalk\u0020Benchmark\u0020Wizard\\BizTalk\u0020Benchmark\u0020Wizard.csproj
		SccProjectName1 = BizTalk\u0020Benchmark\u0020Wizard
		SccLocalPath1 = BizTalk\u0020Benchmark\u0020Wizard
		SccProjectUniqueName2 = bLogical.GaugeControl\\bLogical.GaugeControl.csproj
		SccProjectName2 = bLogical.GaugeControl
		SccLocalPath2 = bLogical.GaugeControl
		SccProjectUniqueName3 = BizTalk\u0020Benchmark\u0020Wizard\u0020Setup\\BizTalk\u0020Benchmark\u0020Wizard\u0020Setup.vdproj
		SccProjectName3 = BizTalk\u0020Benchmark\u0020Wizard\u0020Setup
		SccLocalPath3 = BizTalk\u0020Benchmark\u0020Wizard\u0020Setup
		SccProjectUniqueName4 = BizTalk\u0020Benchmark\u0020Wizard\u0020Merge\u0020Setup\\BizTalk\u0020Benchmark\u0020Wizard\u0020Merge\u0020Setup.vdproj
		SccProjectName4 = BizTalk\u0020Benchmark\u0020Wizard\u0020Merge\u0020Setup
		SccLocalPath4 = BizTalk\u0020Benchmark\u0020Wizard\u0020Merge\u0020Setup
	EndGlobalSection
	GlobalSection(SolutionConfigurationPlatforms) = preSolution
		Debug|Any CPU = Debug|Any CPU
		Release|Any CPU = Release|Any CPU
	EndGlobalSection
	GlobalSection(ProjectConfigurationPlatforms) = postSolution
		{C78E61D3-799D-4959-8EB9-E14534CEA9E7}.Debug|Any CPU.ActiveCfg = Debug|Any CPU
		{C78E61D3-799D-4959-8EB9-E14534CEA9E7}.Debug|Any CPU.Build.0 = Debug|Any CPU
		{C78E61D3-799D-4959-8EB9-E14534CEA9E7}.Release|Any CPU.ActiveCfg = Release|Any CPU
		{C78E61D3-799D-4959-8EB9-E14534CEA9E7}.Release|Any CPU.Build.0 = Release|Any CPU
		{56A5B68A-B031-42CC-A897-5D128BB8B20E}.Debug|Any CPU.ActiveCfg = Debug|Any CPU
		{56A5B68A-B031-42CC-A897-5D128BB8B20E}.Debug|Any CPU.Build.0 = Debug|Any CPU
		{56A5B68A-B031-42CC-A897-5D128BB8B20E}.Release|Any CPU.ActiveCfg = Release|Any CPU
		{56A5B68A-B031-42CC-A897-5D128BB8B20E}.Release|Any CPU.Build.0 = Release|Any CPU
		{A6529B9F-1F28-4994-8D46-949E10462193}.Debug|Any CPU.ActiveCfg = Debug
		{A6529B9F-1F28-4994-8D46-949E10462193}.Release|Any CPU.ActiveCfg = Release
		{026F786E-334F-44AC-AE62-2D9A51DA5B4B}.Debug|Any CPU.ActiveCfg = Debug|Any CPU
		{026F786E-334F-44AC-AE62-2D9A51DA5B4B}.Debug|Any CPU.Build.0 = Debug|Any CPU
		{026F786E-334F-44AC-AE62-2D9A51DA5B4B}.Release|Any CPU.ActiveCfg = Release|Any CPU
		{026F786E-334F-44AC-AE62-2D9A51DA5B4B}.Release|Any CPU.Build.0 = Release|Any CPU
	EndGlobalSection
	GlobalSection(SolutionProperties) = preSolution
		HideSolutionNode = FALSE
	EndGlobalSection
EndGlobal
